
Microsoft Visual Studio Solution File, Format Version 12.00
# Visual Studio Version 16
VisualStudioVersion = 16.0.29613.14
MinimumVisualStudioVersion = 10.0.40219.1
Project("{FAE04EC0-301F-11D3-BF4B-00C04F79EFBC}") = "AspNetCore EventApp", "AspNetCore EventApp\AspNetCore EventApp.csproj", "{D3EB3B96-F152-4FF0-AD19-41E1E3C22641}"
EndProject
Global
	GlobalSection(SolutionConfigurationPlatforms) = preSolution
		Debug|Any CPU = Debug|Any CPU
		Release|Any CPU = Release|Any CPU
	EndGlobalSection
	GlobalSection(ProjectConfigurationPlatforms) = postSolution
		{D3EB3B96-F152-4FF0-AD19-41E1E3C22641}.Debug|Any CPU.ActiveCfg = Debug|Any CPU
		{D3EB3B96-F152-4FF0-AD19-41E1E3C22641}.Debug|Any CPU.Build.0 = Debug|Any CPU
		{D3EB3B96-F152-4FF0-AD19-41E1E3C22641}.Release|Any CPU.ActiveCfg = Release|Any CPU
		{D3EB3B96-F152-4FF0-AD19-41E1E3C22641}.Release|Any CPU.Build.0 = Release|Any CPU
	EndGlobalSection
	GlobalSection(SolutionProperties) = preSolution
		HideSolutionNode = FALSE
	EndGlobalSection
	GlobalSection(ExtensibilityGlobals) = postSolution
		SolutionGuid = {2F443F92-5ED2-48F3-8CE8-12E59CD6ABFF}
	EndGlobalSection
EndGlobal
